// !$*UTF8*$!
{
	archiveVersion = 1;
	classes = {
	};
	objectVersion = 46;
	objects = {

/* Begin PBXBuildFile section */
		FDCCD2EF1E70507100EB142C /* main.m in Sources */ = {isa = PBXBuildFile; fileRef = FDCCD2EE1E70507100EB142C /* main.m */; };
		FDCCD2F21E70507100EB142C /* AppDelegate.m in Sources */ = {isa = PBXBuildFile; fileRef = FDCCD2F11E70507100EB142C /* AppDelegate.m */; };
		FDCCD2F51E70507100EB142C /* ViewController.m in Sources */ = {isa = PBXBuildFile; fileRef = FDCCD2F41E70507100EB142C /* ViewController.m */; };
		FDCCD2F81E70507100EB142C /* Main.storyboard in Resources */ = {isa = PBXBuildFile; fileRef = FDCCD2F61E70507100EB142C /* Main.storyboard */; };
		FDCCD2FA1E70507100EB142C /* Assets.xcassets in Resources */ = {isa = PBXBuildFile; fileRef = FDCCD2F91E70507100EB142C /* Assets.xcassets */; };
		FDCCD2FD1E70507100EB142C /* LaunchScreen.storyboard in Resources */ = {isa = PBXBuildFile; fileRef = FDCCD2FB1E70507100EB142C /* LaunchScreen.storyboard */; };
/* End PBXBuildFile section */

/* Begin PBXFileReference section */
		FDCCD2EA1E70507100EB142C /* git.app */ = {isa = PBXFileReference; explicitFileType = wrapper.application; includeInIndex = 0; path = git.app; sourceTree = BUILT_PRODUCTS_DIR; };
		FDCCD2EE1E70507100EB142C /* main.m */ = {isa = PBXFileReference; lastKnownFileType = sourcecode.c.objc; path = main.m; sourceTree = "<group>"; };
		FDCCD2F01E70507100EB142C /* AppDelegate.h */ = {isa = PBXFileReference; lastKnownFileType = sourcecode.c.h; path = AppDelegate.h; sourceTree = "<group>"; };
		FDCCD2F11E70507100EB142C /* AppDelegate.m */ = {isa = PBXFileReference; lastKnownFileType = sourcecode.c.objc; path = AppDelegate.m; sourceTree = "<group>"; };
		FDCCD2F31E70507100EB142C /* ViewController.h */ = {isa = PBXFileReference; lastKnownFileType = sourcecode.c.h; path = ViewController.h; sourceTree = "<group>"; };
		FDCCD2F41E70507100EB142C /* ViewController.m */ = {isa = PBXFileReference; lastKnownFileType = sourcecode.c.objc; path = ViewController.m; sourceTree = "<group>"; };
		FDCCD2F71E70507100EB142C /* Base */ = {isa = PBXFileReference; lastKnownFileType = file.storyboard; name = Base; path = Base.lproj/Main.storyboard; sourceTree = "<group>"; };
		FDCCD2F91E70507100EB142C /* Assets.xcassets */ = {isa = PBXFileReference; lastKnownFileType = folder.assetcatalog; path = Assets.xcassets; sourceTree = "<group>"; };
		FDCCD2FC1E70507100EB142C /* Base */ = {isa = PBXFileReference; lastKnownFileType = file.storyboard; name = Base; path = Base.lproj/LaunchScreen.storyboard; sourceTree = "<group>"; };
		FDCCD2FE1E70507100EB142C /* Info.plist */ = {isa = PBXFileReference; lastKnownFileType = text.plist.xml; path = Info.plist; sourceTree = "<group>"; };
/* End PBXFileReference section */

/* Begin PBXFrameworksBuildPhase section */
		FDCCD2E71E70507100EB142C /* Frameworks */ = {
			isa = PBXFrameworksBuildPhase;
			buildActionMask = 2147483647;
			files = (
			);
			runOnlyForDeploymentPostprocessing = 0;
		};
/* End PBXFrameworksBuildPhase section */

/* Begin PBXGroup section */
		FDCCD2E11E70507100EB142C = {
			isa = PBXGroup;
			children = (
				FDCCD2EC1E70507100EB142C /* git */,
				FDCCD2EB1E70507100EB142C /* Products */,
			);
			sourceTree = "<group>";
		};
		FDCCD2EB1E70507100EB142C /* Products */ = {
			isa = PBXGroup;
			children = (
				FDCCD2EA1E70507100EB142C /* git.app */,
			);
			name = Products;
			sourceTree = "<group>";
		};
		FDCCD2EC1E70507100EB142C /* git */ = {
			isa = PBXGroup;
			children = (
				FDCCD2F01E70507100EB142C /* AppDelegate.h */,
				FDCCD2F11E70507100EB142C /* AppDelegate.m */,
				FDCCD2F31E70507100EB142C /* ViewController.h */,
				FDCCD2F41E70507100EB142C /* ViewController.m */,
				FDCCD2F61E70507100EB142C /* Main.storyboard */,
				FDCCD2F91E70507100EB142C /* Assets.xcassets */,
				FDCCD2FB1E70507100EB142C /* LaunchScreen.storyboard */,
				FDCCD2FE1E70507100EB142C /* Info.plist */,
				FDCCD2ED1E70507100EB142C /* Supporting Files */,
			);
			path = git;
			sourceTree = "<group>";
		};
		FDCCD2ED1E70507100EB142C /* Supporting Files */ = {
			isa = PBXGroup;
			children = (
				FDCCD2EE1E70507100EB142C /* main.m */,
			);
			name = "Supporting Files";
			sourceTree = "<group>";
		};
/* End PBXGroup section */

/* Begin PBXNativeTarget section */
		FDCCD2E91E70507100EB142C /* git */ = {
			isa = PBXNativeTarget;
			buildConfigurationList = FDCCD3011E70507100EB142C /* Build configuration list for PBXNativeTarget "git" */;
			buildPhases = (
				FDCCD2E61E70507100EB142C /* Sources */,
				FDCCD2E71E70507100EB142C /* Frameworks */,
				FDCCD2E81E70507100EB142C /* Resources */,
			);
			buildRules = (
			);
			dependencies = (
			);
			name = git;
			productName = git;
			productReference = FDCCD2EA1E70507100EB142C /* git.app */;
			productType = "com.apple.product-type.application";
		};
/* End PBXNativeTarget section */

/* Begin PBXProject section */
		FDCCD2E21E70507100EB142C /* Project object */ = {
			isa = PBXProject;
			attributes = {
				LastUpgradeCheck = 0820;
				ORGANIZATIONNAME = yuzhi;
				TargetAttributes = {
					FDCCD2E91E70507100EB142C = {
						CreatedOnToolsVersion = 8.2.1;
						ProvisioningStyle = Automatic;
					};
				};
			};
			buildConfigurationList = FDCCD2E51E70507100EB142C /* Build configuration list for PBXProject "git" */;
			compatibilityVersion = "Xcode 3.2";
			developmentRegion = English;
			hasScannedForEncodings = 0;
			knownRegions = (
				en,
				Base,
			);
			mainGroup = FDCCD2E11E70507100EB142C;
			productRefGroup = FDCCD2EB1E70507100EB142C /* Products */;
			projectDirPath = "";
			projectRoot = "";
			targets = (
				FDCCD2E91E70507100EB142C /* git */,
			);
		};
/* End PBXProject section */

/* Begin PBXResourcesBuildPhase section */
		FDCCD2E81E70507100EB142C /* Resources */ = {
			isa = PBXResourcesBuildPhase;
			buildActionMask = 2147483647;
			files = (
				FDCCD2FD1E70507100EB142C /* LaunchScreen.storyboard in Resources */,
				FDCCD2FA1E70507100EB142C /* Assets.xcassets in Resources */,
				FDCCD2F81E70507100EB142C /* Main.storyboard in Resources */,
			);
			runOnlyForDeploymentPostprocessing = 0;
		};
/* End PBXResourcesBuildPhase section */

/* Begin PBXSourcesBuildPhase section */
		FDCCD2E61E70507100EB142C /* Sources */ = {
			isa = PBXSourcesBuildPhase;
			buildActionMask = 2147483647;
			files = (
				FDCCD2F51E70507100EB142C /* ViewController.m in Sources */,
				FDCCD2F21E70507100EB142C /* AppDelegate.m in Sources */,
				FDCCD2EF1E70507100EB142C /* main.m in Sources */,
			);
			runOnlyForDeploymentPostprocessing = 0;
		};
/* End PBXSourcesBuildPhase section */

/* Begin PBXVariantGroup section */
		FDCCD2F61E70507100EB142C /* Main.storyboard */ = {
			isa = PBXVariantGroup;
			children = (
				FDCCD2F71E70507100EB142C /* Base */,
			);
			name = Main.storyboard;
			sourceTree = "<group>";
		};
		FDCCD2FB1E70507100EB142C /* LaunchScreen.storyboard */ = {
			isa = PBXVariantGroup;
			children = (
				FDCCD2FC1E70507100EB142C /* Base */,
			);
			name = LaunchScreen.storyboard;
			sourceTree = "<group>";
		};
/* End PBXVariantGroup section */

/* Begin XCBuildConfiguration section */
		FDCCD2FF1E70507100EB142C /* Debug */ = {
			isa = XCBuildConfiguration;
			buildSettings = {
				ALWAYS_SEARCH_USER_PATHS = NO;
				CLANG_ANALYZER_NONNULL = YES;
				CLANG_CXX_LANGUAGE_STANDARD = "gnu++0x";
				CLANG_CXX_LIBRARY = "libc++";
				CLANG_ENABLE_MODULES = YES;
				CLANG_ENABLE_OBJC_ARC = YES;
				CLANG_WARN_BOOL_CONVERSION = YES;
				CLANG_WARN_CONSTANT_CONVERSION = YES;
				CLANG_WARN_DIRECT_OBJC_ISA_USAGE = YES_ERROR;
				CLANG_WARN_DOCUMENTATION_COMMENTS = YES;
				CLANG_WARN_EMPTY_BODY = YES;
				CLANG_WARN_ENUM_CONVERSION = YES;
				CLANG_WARN_INFINITE_RECURSION = YES;
				CLANG_WARN_INT_CONVERSION = YES;
				CLANG_WARN_OBJC_ROOT_CLASS = YES_ERROR;
				CLANG_WARN_SUSPICIOUS_MOVE = YES;
				CLANG_WARN_UNREACHABLE_CODE = YES;
				CLANG_WARN__DUPLICATE_METHOD_MATCH = YES;
				"CODE_SIGN_IDENTITY[sdk=iphoneos*]" = "iPhone Developer";
				COPY_PHASE_STRIP = NO;
				DEBUG_INFORMATION_FORMAT = dwarf;
				ENABLE_STRICT_OBJC_MSGSEND = YES;
				ENABLE_TESTABILITY = YES;
				GCC_C_LANGUAGE_STANDARD = gnu99;
				GCC_DYNAMIC_NO_PIC = NO;
				GCC_NO_COMMON_BLOCKS = YES;
				GCC_OPTIMIZATION_LEVEL = 0;
				GCC_PREPROCESSOR_DEFINITIONS = (
					"DEBUG=1",
					"$(inherited)",
				);
				GCC_WARN_64_TO_32_BIT_CONVERSION = YES;
				GCC_WARN_ABOUT_RETURN_TYPE = YES_ERROR;
				GCC_WARN_UNDECLARED_SELECTOR = YES;
				GCC_WARN_UNINITIALIZED_AUTOS = YES_AGGRESSIVE;
				GCC_WARN_UNUSED_FUNCTION = YES;
				GCC_WARN_UNUSED_VARIABLE = YES;
				IPHONEOS_DEPLOYMENT_TARGET = 10.2;
				MTL_ENABLE_DEBUG_INFO = YES;
				ONLY_ACTIVE_ARCH = YES;
				SDKROOT = iphoneos;
				TARGETED_DEVICE_FAMILY = "1,2";
			};
			name = Debug;
		};
		FDCCD3001E70507100EB142C /* Release */ = {
			isa = XCBuildConfiguration;
			buildSettings = {
				ALWAYS_SEARCH_USER_PATHS = NO;
				CLANG_ANALYZER_NONNULL = YES;
				CLANG_CXX_LANGUAGE_STANDARD = "gnu++0x";
				CLANG_CXX_LIBRARY = "libc++";
				CLANG_ENABLE_MODULES = YES;
				CLANG_ENABLE_OBJC_ARC = YES;
				CLANG_WARN_BOOL_CONVERSION = YES;
				CLANG_WARN_CONSTANT_CONVERSION = YES;
				CLANG_WARN_DIRECT_OBJC_ISA_USAGE = YES_ERROR;
				CLANG_WARN_DOCUMENTATION_COMMENTS = YES;
				CLANG_WARN_EMPTY_BODY = YES;
				CLANG_WARN_ENUM_CONVERSION = YES;
				CLANG_WARN_INFINITE_RECURSION = YES;
				CLANG_WARN_INT_CONVERSION = YES;
				CLANG_WARN_OBJC_ROOT_CLASS = YES_ERROR;
				CLANG_WARN_SUSPICIOUS_MOVE = YES;
				CLANG_WARN_UNREACHABLE_CODE = YES;
				CLANG_WARN__DUPLICATE_METHOD_MATCH = YES;
				"CODE_SIGN_IDENTITY[sdk=iphoneos*]" = "iPhone Developer";
				COPY_PHASE_STRIP = NO;
				DEBUG_INFORMATION_FORMAT = "dwarf-with-dsym";
				ENABLE_NS_ASSERTIONS = NO;
				ENABLE_STRICT_OBJC_MSGSEND = YES;
				GCC_C_LANGUAGE_STANDARD = gnu99;
				GCC_NO_COMMON_BLOCKS = YES;
				GCC_WARN_64_TO_32_BIT_CONVERSION = YES;
				GCC_WARN_ABOUT_RETURN_TYPE = YES_ERROR;
				GCC_WARN_UNDECLARED_SELECTOR = YES;
				GCC_WARN_UNINITIALIZED_AUTOS = YES_AGGRESSIVE;
				GCC_WARN_UNUSED_FUNCTION = YES;
				GCC_WARN_UNUSED_VARIABLE = YES;
				IPHONEOS_DEPLOYMENT_TARGET = 10.2;
				MTL_ENABLE_DEBUG_INFO = NO;
				SDKROOT = iphoneos;
				TARGETED_DEVICE_FAMILY = "1,2";
				VALIDATE_PRODUCT = YES;
			};
			name = Release;
		};
		FDCCD3021E70507100EB142C /* Debug */ = {
			isa = XCBuildConfiguration;
			buildSettings = {
				ASSETCATALOG_COMPILER_APPICON_NAME = AppIcon;
				INFOPLIST_FILE = git/Info.plist;
				LD_RUNPATH_SEARCH_PATHS = "$(inherited) @executable_path/Frameworks";
				PRODUCT_BUNDLE_IDENTIFIER = com.yuzhi.git;
				PRODUCT_NAME = "$(TARGET_NAME)";
			};
			name = Debug;
		};
		FDCCD3031E70507100EB142C /* Release */ = {
			isa = XCBuildConfiguration;
			buildSettings = {
				ASSETCATALOG_COMPILER_APPICON_NAME = AppIcon;
				INFOPLIST_FILE = git/Info.plist;
				LD_RUNPATH_SEARCH_PATHS = "$(inherited) @executable_path/Frameworks";
				PRODUCT_BUNDLE_IDENTIFIER = com.yuzhi.git;
				PRODUCT_NAME = "$(TARGET_NAME)";
			};
			name = Release;
		};
/* End XCBuildConfiguration section */

/* Begin XCConfigurationList section */
		FDCCD2E51E70507100EB142C /* Build configuration list for PBXProject "git" */ = {
			isa = XCConfigurationList;
			buildConfigurations = (
				FDCCD2FF1E70507100EB142C /* Debug */,
				FDCCD3001E70507100EB142C /* Release */,
			);
			defaultConfigurationIsVisible = 0;
			defaultConfigurationName = Release;
		};
		FDCCD3011E70507100EB142C /* Build configuration list for PBXNativeTarget "git" */ = {
			isa = XCConfigurationList;
			buildConfigurations = (
				FDCCD3021E70507100EB142C /* Debug */,
				FDCCD3031E70507100EB142C /* Release */,
			);
			defaultConfigurationIsVisible = 0;
		};
/* End XCConfigurationList section */
	};
	rootObject = FDCCD2E21E70507100EB142C /* Project object */;
}
